
Microsoft Visual Studio Solution File, Format Version 12.00
# Visual Studio Version 17
VisualStudioVersion = 17.5.33502.453
MinimumVisualStudioVersion = 10.0.40219.1
Project("{FAE04EC0-301F-11D3-BF4B-00C04F79EFBC}") = "CadastroPessoa", "CadastroPessoa.csproj", "{FBFBE50B-3DF1-4FA0-AEF9-F011D884FD90}"
EndProject
Global
	GlobalSection(SolutionConfigurationPlatforms) = preSolution
		Debug|Any CPU = Debug|Any CPU
		Release|Any CPU = Release|Any CPU
	EndGlobalSection
	GlobalSection(ProjectConfigurationPlatforms) = postSolution
		{FBFBE50B-3DF1-4FA0-AEF9-F011D884FD90}.Debug|Any CPU.ActiveCfg = Debug|Any CPU
		{FBFBE50B-3DF1-4FA0-AEF9-F011D884FD90}.Debug|Any CPU.Build.0 = Debug|Any CPU
		{FBFBE50B-3DF1-4FA0-AEF9-F011D884FD90}.Release|Any CPU.ActiveCfg = Release|Any CPU
		{FBFBE50B-3DF1-4FA0-AEF9-F011D884FD90}.Release|Any CPU.Build.0 = Release|Any CPU
	EndGlobalSection
	GlobalSection(SolutionProperties) = preSolution
		HideSolutionNode = FALSE
	EndGlobalSection
	GlobalSection(ExtensibilityGlobals) = postSolution
		SolutionGuid = {5B0045CD-025B-4DE1-9915-0411C91B8CE1}
	EndGlobalSection
EndGlobal
